{
  "version": 1,
  "dependencies": {
    "net10.0": {
      "Serilog": {
        "type": "Direct",
        "requested": "[4.2.0, )",
        "resolved": "4.2.0",
        "contentHash": "gmoWVOvKgbME8TYR+gwMf7osROiWAURterc6Rt2dQyX7wtjZYpqFiA/pY6ztjGQKKV62GGCyOcmtP1UKMHgSmA=="
      },
      "Serilog.Sinks.File": {
        "type": "Direct",
        "requested": "[6.0.0, )",
        "resolved": "6.0.0",
        "contentHash": "lxjg89Y8gJMmFxVkbZ+qDgjl+T4yC5F7WSLTvA+5q0R04tfKVLRL/EHpYoJ/MEQd2EeCKDuylBIVnAYMotmh2A==",
        "dependencies": {
          "Serilog": "4.0.0"
        }
      }
    },
    "net10.0/win-x64": {}
  }
}